
Microsoft Visual Studio Solution File, Format Version 12.00
# Visual Studio Version 16
VisualStudioVersion = 16.0.30907.101
MinimumVisualStudioVersion = 10.0.40219.1
Project("{FAE04EC0-301F-11D3-BF4B-00C04F79EFBC}") = "chess.com", "chess.com\chess.com.csproj", "{D01F94AB-1595-4007-B19A-119E70B3A276}"
EndProject
Global
	GlobalSection(SolutionConfigurationPlatforms) = preSolution
		Debug|Any CPU = Debug|Any CPU
		Release|Any CPU = Release|Any CPU
	EndGlobalSection
	GlobalSection(ProjectConfigurationPlatforms) = postSolution
		{D01F94AB-1595-4007-B19A-119E70B3A276}.Debug|Any CPU.ActiveCfg = Debug|Any CPU
		{D01F94AB-1595-4007-B19A-119E70B3A276}.Debug|Any CPU.Build.0 = Debug|Any CPU
		{D01F94AB-1595-4007-B19A-119E70B3A276}.Release|Any CPU.ActiveCfg = Release|Any CPU
		{D01F94AB-1595-4007-B19A-119E70B3A276}.Release|Any CPU.Build.0 = Release|Any CPU
	EndGlobalSection
	GlobalSection(SolutionProperties) = preSolution
		HideSolutionNode = FALSE
	EndGlobalSection
	GlobalSection(ExtensibilityGlobals) = postSolution
		SolutionGuid = {56216240-C192-4813-BB91-DC1B93D61FE8}
	EndGlobalSection
EndGlobal
